PODS:
  - peak-core-ios (0.2.0):
    - UICKeyChainStore (~> 2.1.0)
  - UICKeyChainStore (2.1.0)

DEPENDENCIES:
  - peak-core-ios (from `../`)

EXTERNAL SOURCES:
  peak-core-ios:
    :path: ../

SPEC CHECKSUMS:
  peak-core-ios: 85f74bfac2b804d6cfd3369bb6a3ac0ef7df4ee0
  UICKeyChainStore: f1cbd42216a113f0165de1e733e62905b8823432

PODFILE CHECKSUM: 38c4ec3fb6248f7c58bd78dbab4203500437a385

COCOAPODS: 1.1.0.rc.3
