PODS:
  - JSCoreBom (1.1.1)
  - peak-core-ios (0.4.0):
    - JSCoreBom (~> 1.1.1)
    - UICKeyChainStore (~> 2.1.0)
  - UICKeyChainStore (2.1.1)

DEPENDENCIES:
  - peak-core-ios (from `../`)

EXTERNAL SOURCES:
  peak-core-ios:
    :path: ../

SPEC CHECKSUMS:
  JSCoreBom: 712590b897ecd74d9fa9cb0f16857491411c932b
  peak-core-ios: 4f4b269971dd31d1b8e5c2a8ef9550fb9d9b107d
  UICKeyChainStore: 239558492fa260531a0774cfc611ea83a6eaff3a

PODFILE CHECKSUM: 38c4ec3fb6248f7c58bd78dbab4203500437a385

COCOAPODS: 1.1.1
